
Microsoft Visual Studio Solution File, Format Version 12.00
# Visual Studio 15
VisualStudioVersion = 15.0.28307.1022
MinimumVisualStudioVersion = 10.0.40219.1
Project("{9A19103F-16F7-4668-BE54-9A1E7A4F7556}") = "UpdateLoanStatus", "UpdateLoanStatus\UpdateLoanStatus.csproj", "{C8B9184E-81C4-40F7-8C11-E71FDA6256AE}"
EndProject
Global
	GlobalSection(SolutionConfigurationPlatforms) = preSolution
		Debug|Any CPU = Debug|Any CPU
		Release|Any CPU = Release|Any CPU
	EndGlobalSection
	GlobalSection(ProjectConfigurationPlatforms) = postSolution
		{C8B9184E-81C4-40F7-8C11-E71FDA6256AE}.Debug|Any CPU.ActiveCfg = Debug|Any CPU
		{C8B9184E-81C4-40F7-8C11-E71FDA6256AE}.Debug|Any CPU.Build.0 = Debug|Any CPU
		{C8B9184E-81C4-40F7-8C11-E71FDA6256AE}.Release|Any CPU.ActiveCfg = Release|Any CPU
		{C8B9184E-81C4-40F7-8C11-E71FDA6256AE}.Release|Any CPU.Build.0 = Release|Any CPU
	EndGlobalSection
	GlobalSection(SolutionProperties) = preSolution
		HideSolutionNode = FALSE
	EndGlobalSection
	GlobalSection(ExtensibilityGlobals) = postSolution
		SolutionGuid = {DB9C40F4-1DE5-4C84-B9A0-2AD1FE049466}
	EndGlobalSection
EndGlobal
